
Microsoft Visual Studio Solution File, Format Version 12.00
# Visual Studio Version 16
VisualStudioVersion = 16.0.31911.196
MinimumVisualStudioVersion = 10.0.40219.1
Project("{9A19103F-16F7-4668-BE54-9A1E7A4F7556}") = "SZTGUI_FF_T11_CORE", "SZTGUI_FF_T11\SZTGUI_FF_T11_CORE.csproj", "{C13E1B58-9FA2-4B60-9563-8EAA816FF000}"
EndProject
Project("{9A19103F-16F7-4668-BE54-9A1E7A4F7556}") = "SZTGUI_FF_T11_Repo", "SZTGUI_FF_T11_Repo\SZTGUI_FF_T11_Repo.csproj", "{F0446B13-BCBB-41D8-AEE4-70545E8CE5F8}"
EndProject
Project("{9A19103F-16F7-4668-BE54-9A1E7A4F7556}") = "SZTGUI_FF_T11_Renderer", "SZTGUI_FF_T11_Renderer\SZTGUI_FF_T11_Renderer.csproj", "{4336BB3D-A17F-41DD-A161-49B64B28D8A0}"
EndProject
Project("{9A19103F-16F7-4668-BE54-9A1E7A4F7556}") = "SZTGUI_FF_T11_Logic", "SZTGUI_FF_T11_Logic\SZTGUI_FF_T11_Logic.csproj", "{302575C6-FFED-45B6-886D-F220F8206D03}"
EndProject
Project("{9A19103F-16F7-4668-BE54-9A1E7A4F7556}") = "SZTGUI_FF_T11_Demo", "SZTGUI_FF_T11_Demo\SZTGUI_FF_T11_Demo.csproj", "{4B498BC7-D409-4EED-A529-F97BAD33BAFB}"
EndProject
Global
	GlobalSection(SolutionConfigurationPlatforms) = preSolution
		Debug|Any CPU = Debug|Any CPU
		Release|Any CPU = Release|Any CPU
	EndGlobalSection
	GlobalSection(ProjectConfigurationPlatforms) = postSolution
		{C13E1B58-9FA2-4B60-9563-8EAA816FF000}.Debug|Any CPU.ActiveCfg = Debug|Any CPU
		{C13E1B58-9FA2-4B60-9563-8EAA816FF000}.Debug|Any CPU.Build.0 = Debug|Any CPU
		{C13E1B58-9FA2-4B60-9563-8EAA816FF000}.Release|Any CPU.ActiveCfg = Release|Any CPU
		{C13E1B58-9FA2-4B60-9563-8EAA816FF000}.Release|Any CPU.Build.0 = Release|Any CPU
		{F0446B13-BCBB-41D8-AEE4-70545E8CE5F8}.Debug|Any CPU.ActiveCfg = Debug|Any CPU
		{F0446B13-BCBB-41D8-AEE4-70545E8CE5F8}.Debug|Any CPU.Build.0 = Debug|Any CPU
		{F0446B13-BCBB-41D8-AEE4-70545E8CE5F8}.Release|Any CPU.ActiveCfg = Release|Any CPU
		{F0446B13-BCBB-41D8-AEE4-70545E8CE5F8}.Release|Any CPU.Build.0 = Release|Any CPU
		{4336BB3D-A17F-41DD-A161-49B64B28D8A0}.Debug|Any CPU.ActiveCfg = Debug|Any CPU
		{4336BB3D-A17F-41DD-A161-49B64B28D8A0}.Debug|Any CPU.Build.0 = Debug|Any CPU
		{4336BB3D-A17F-41DD-A161-49B64B28D8A0}.Release|Any CPU.ActiveCfg = Release|Any CPU
		{4336BB3D-A17F-41DD-A161-49B64B28D8A0}.Release|Any CPU.Build.0 = Release|Any CPU
		{302575C6-FFED-45B6-886D-F220F8206D03}.Debug|Any CPU.ActiveCfg = Debug|Any CPU
		{302575C6-FFED-45B6-886D-F220F8206D03}.Debug|Any CPU.Build.0 = Debug|Any CPU
		{302575C6-FFED-45B6-886D-F220F8206D03}.Release|Any CPU.ActiveCfg = Release|Any CPU
		{302575C6-FFED-45B6-886D-F220F8206D03}.Release|Any CPU.Build.0 = Release|Any CPU
		{4B498BC7-D409-4EED-A529-F97BAD33BAFB}.Debug|Any CPU.ActiveCfg = Debug|Any CPU
		{4B498BC7-D409-4EED-A529-F97BAD33BAFB}.Debug|Any CPU.Build.0 = Debug|Any CPU
		{4B498BC7-D409-4EED-A529-F97BAD33BAFB}.Release|Any CPU.ActiveCfg = Release|Any CPU
		{4B498BC7-D409-4EED-A529-F97BAD33BAFB}.Release|Any CPU.Build.0 = Release|Any CPU
	EndGlobalSection
	GlobalSection(SolutionProperties) = preSolution
		HideSolutionNode = FALSE
	EndGlobalSection
	GlobalSection(ExtensibilityGlobals) = postSolution
		SolutionGuid = {38760FD9-827B-4C23-BE52-9845B44C39E6}
	EndGlobalSection
EndGlobal
